// !$*UTF8*$!
{
	archiveVersion = 1;
	classes = {
	};
	objectVersion = 56;
	objects = {

/* Begin PBXBuildFile section */
		A516B2982B95350D00F2E1C2 /* GameCardModel.swift in Sources */ = {isa = PBXBuildFile; fileRef = A516B2972B95350D00F2E1C2 /* GameCardModel.swift */; };
		A516B29A2B9537D000F2E1C2 /* GameService.swift in Sources */ = {isa = PBXBuildFile; fileRef = A516B2992B9537D000F2E1C2 /* GameService.swift */; };
		A56BC8772B97D78900E8B61C /* GalleryController.swift in Sources */ = {isa = PBXBuildFile; fileRef = A56BC8762B97D78900E8B61C /* GalleryController.swift */; };
		A5B1F7032B9639C000B65C01 /* AboutController.swift in Sources */ = {isa = PBXBuildFile; fileRef = A5B1F7022B9639C000B65C01 /* AboutController.swift */; };
		A5B3C2552B9930590002D895 /* GameCardCell.swift in Sources */ = {isa = PBXBuildFile; fileRef = A5B3C2542B9930590002D895 /* GameCardCell.swift */; };
		A5DB2DF72B94F99900DD080D /* AppDelegate.swift in Sources */ = {isa = PBXBuildFile; fileRef = A5DB2DF62B94F99900DD080D /* AppDelegate.swift */; };
		A5DB2DF92B94F99900DD080D /* SceneDelegate.swift in Sources */ = {isa = PBXBuildFile; fileRef = A5DB2DF82B94F99900DD080D /* SceneDelegate.swift */; };
		A5DB2DFE2B94F99900DD080D /* Main.storyboard in Resources */ = {isa = PBXBuildFile; fileRef = A5DB2DFC2B94F99900DD080D /* Main.storyboard */; };
		A5DB2E002B94F99B00DD080D /* Assets.xcassets in Resources */ = {isa = PBXBuildFile; fileRef = A5DB2DFF2B94F99B00DD080D /* Assets.xcassets */; };
		A5DB2E032B94F99B00DD080D /* LaunchScreen.storyboard in Resources */ = {isa = PBXBuildFile; fileRef = A5DB2E012B94F99B00DD080D /* LaunchScreen.storyboard */; };
		A5DB2E0B2B94FDC300DD080D /* NoobGameController.swift in Sources */ = {isa = PBXBuildFile; fileRef = A5DB2E0A2B94FDC300DD080D /* NoobGameController.swift */; };
/* End PBXBuildFile section */

/* Begin PBXFileReference section */
		A516B2972B95350D00F2E1C2 /* GameCardModel.swift */ = {isa = PBXFileReference; lastKnownFileType = sourcecode.swift; path = GameCardModel.swift; sourceTree = "<group>"; };
		A516B2992B9537D000F2E1C2 /* GameService.swift */ = {isa = PBXFileReference; lastKnownFileType = sourcecode.swift; path = GameService.swift; sourceTree = "<group>"; };
		A56BC8762B97D78900E8B61C /* GalleryController.swift */ = {isa = PBXFileReference; lastKnownFileType = sourcecode.swift; path = GalleryController.swift; sourceTree = "<group>"; };
		A5B1F7022B9639C000B65C01 /* AboutController.swift */ = {isa = PBXFileReference; lastKnownFileType = sourcecode.swift; path = AboutController.swift; sourceTree = "<group>"; };
		A5B3C2542B9930590002D895 /* GameCardCell.swift */ = {isa = PBXFileReference; lastKnownFileType = sourcecode.swift; path = GameCardCell.swift; sourceTree = "<group>"; };
		A5DB2DF32B94F99900DD080D /* GameForNoobs.app */ = {isa = PBXFileReference; explicitFileType = wrapper.application; includeInIndex = 0; path = GameForNoobs.app; sourceTree = BUILT_PRODUCTS_DIR; };
		A5DB2DF62B94F99900DD080D /* AppDelegate.swift */ = {isa = PBXFileReference; lastKnownFileType = sourcecode.swift; path = AppDelegate.swift; sourceTree = "<group>"; };
		A5DB2DF82B94F99900DD080D /* SceneDelegate.swift */ = {isa = PBXFileReference; lastKnownFileType = sourcecode.swift; path = SceneDelegate.swift; sourceTree = "<group>"; };
		A5DB2DFD2B94F99900DD080D /* Base */ = {isa = PBXFileReference; lastKnownFileType = file.storyboard; name = Base; path = Base.lproj/Main.storyboard; sourceTree = "<group>"; };
		A5DB2DFF2B94F99B00DD080D /* Assets.xcassets */ = {isa = PBXFileReference; lastKnownFileType = folder.assetcatalog; path = Assets.xcassets; sourceTree = "<group>"; };
		A5DB2E022B94F99B00DD080D /* Base */ = {isa = PBXFileReference; lastKnownFileType = file.storyboard; name = Base; path = Base.lproj/LaunchScreen.storyboard; sourceTree = "<group>"; };
		A5DB2E042B94F99B00DD080D /* Info.plist */ = {isa = PBXFileReference; lastKnownFileType = text.plist.xml; path = Info.plist; sourceTree = "<group>"; };
		A5DB2E0A2B94FDC300DD080D /* NoobGameController.swift */ = {isa = PBXFileReference; lastKnownFileType = sourcecode.swift; path = NoobGameController.swift; sourceTree = "<group>"; };
/* End PBXFileReference section */

/* Begin PBXFrameworksBuildPhase section */
		A5DB2DF02B94F99900DD080D /* Frameworks */ = {
			isa = PBXFrameworksBuildPhase;
			buildActionMask = 2147483647;
			files = (
			);
			runOnlyForDeploymentPostprocessing = 0;
		};
/* End PBXFrameworksBuildPhase section */

/* Begin PBXGroup section */
		A5DB2DEA2B94F99900DD080D = {
			isa = PBXGroup;
			children = (
				A5DB2DF52B94F99900DD080D /* GameForNoobs */,
				A5DB2DF42B94F99900DD080D /* Products */,
			);
			sourceTree = "<group>";
		};
		A5DB2DF42B94F99900DD080D /* Products */ = {
			isa = PBXGroup;
			children = (
				A5DB2DF32B94F99900DD080D /* GameForNoobs.app */,
			);
			name = Products;
			sourceTree = "<group>";
		};
		A5DB2DF52B94F99900DD080D /* GameForNoobs */ = {
			isa = PBXGroup;
			children = (
				A5DB2DF62B94F99900DD080D /* AppDelegate.swift */,
				A5DB2DF82B94F99900DD080D /* SceneDelegate.swift */,
				A5DB2DFC2B94F99900DD080D /* Main.storyboard */,
				A5DB2DFF2B94F99B00DD080D /* Assets.xcassets */,
				A5DB2E012B94F99B00DD080D /* LaunchScreen.storyboard */,
				A5DB2E042B94F99B00DD080D /* Info.plist */,
				A5DB2E0A2B94FDC300DD080D /* NoobGameController.swift */,
				A516B2972B95350D00F2E1C2 /* GameCardModel.swift */,
				A516B2992B9537D000F2E1C2 /* GameService.swift */,
				A5B1F7022B9639C000B65C01 /* AboutController.swift */,
				A56BC8762B97D78900E8B61C /* GalleryController.swift */,
				A5B3C2542B9930590002D895 /* GameCardCell.swift */,
			);
			path = GameForNoobs;
			sourceTree = "<group>";
		};
/* End PBXGroup section */

/* Begin PBXNativeTarget section */
		A5DB2DF22B94F99900DD080D /* GameForNoobs */ = {
			isa = PBXNativeTarget;
			buildConfigurationList = A5DB2E072B94F99B00DD080D /* Build configuration list for PBXNativeTarget "GameForNoobs" */;
			buildPhases = (
				A5DB2DEF2B94F99900DD080D /* Sources */,
				A5DB2DF02B94F99900DD080D /* Frameworks */,
				A5DB2DF12B94F99900DD080D /* Resources */,
			);
			buildRules = (
			);
			dependencies = (
			);
			name = GameForNoobs;
			productName = GameForNoobs;
			productReference = A5DB2DF32B94F99900DD080D /* GameForNoobs.app */;
			productType = "com.apple.product-type.application";
		};
/* End PBXNativeTarget section */

/* Begin PBXProject section */
		A5DB2DEB2B94F99900DD080D /* Project object */ = {
			isa = PBXProject;
			attributes = {
				BuildIndependentTargetsInParallel = 1;
				LastSwiftUpdateCheck = 1520;
				LastUpgradeCheck = 1520;
				TargetAttributes = {
					A5DB2DF22B94F99900DD080D = {
						CreatedOnToolsVersion = 15.2;
					};
				};
			};
			buildConfigurationList = A5DB2DEE2B94F99900DD080D /* Build configuration list for PBXProject "GameForNoobs" */;
			compatibilityVersion = "Xcode 14.0";
			developmentRegion = en;
			hasScannedForEncodings = 0;
			knownRegions = (
				en,
				Base,
			);
			mainGroup = A5DB2DEA2B94F99900DD080D;
			productRefGroup = A5DB2DF42B94F99900DD080D /* Products */;
			projectDirPath = "";
			projectRoot = "";
			targets = (
				A5DB2DF22B94F99900DD080D /* GameForNoobs */,
			);
		};
/* End PBXProject section */

/* Begin PBXResourcesBuildPhase section */
		A5DB2DF12B94F99900DD080D /* Resources */ = {
			isa = PBXResourcesBuildPhase;
			buildActionMask = 2147483647;
			files = (
				A5DB2E032B94F99B00DD080D /* LaunchScreen.storyboard in Resources */,
				A5DB2E002B94F99B00DD080D /* Assets.xcassets in Resources */,
				A5DB2DFE2B94F99900DD080D /* Main.storyboard in Resources */,
			);
			runOnlyForDeploymentPostprocessing = 0;
		};
/* End PBXResourcesBuildPhase section */

/* Begin PBXSourcesBuildPhase section */
		A5DB2DEF2B94F99900DD080D /* Sources */ = {
			isa = PBXSourcesBuildPhase;
			buildActionMask = 2147483647;
			files = (
				A5DB2DF72B94F99900DD080D /* AppDelegate.swift in Sources */,
				A5B3C2552B9930590002D895 /* GameCardCell.swift in Sources */,
				A56BC8772B97D78900E8B61C /* GalleryController.swift in Sources */,
				A5DB2DF92B94F99900DD080D /* SceneDelegate.swift in Sources */,
				A516B29A2B9537D000F2E1C2 /* GameService.swift in Sources */,
				A5DB2E0B2B94FDC300DD080D /* NoobGameController.swift in Sources */,
				A516B2982B95350D00F2E1C2 /* GameCardModel.swift in Sources */,
				A5B1F7032B9639C000B65C01 /* AboutController.swift in Sources */,
			);
			runOnlyForDeploymentPostprocessing = 0;
		};
/* End PBXSourcesBuildPhase section */

/* Begin PBXVariantGroup section */
		A5DB2DFC2B94F99900DD080D /* Main.storyboard */ = {
			isa = PBXVariantGroup;
			children = (
				A5DB2DFD2B94F99900DD080D /* Base */,
			);
			name = Main.storyboard;
			sourceTree = "<group>";
		};
		A5DB2E012B94F99B00DD080D /* LaunchScreen.storyboard */ = {
			isa = PBXVariantGroup;
			children = (
				A5DB2E022B94F99B00DD080D /* Base */,
			);
			name = LaunchScreen.storyboard;
			sourceTree = "<group>";
		};
/* End PBXVariantGroup section */

/* Begin XCBuildConfiguration section */
		A5DB2E052B94F99B00DD080D /* Debug */ = {
			isa = XCBuildConfiguration;
			buildSettings = {
				ALWAYS_SEARCH_USER_PATHS = NO;
				ASSETCATALOG_COMPILER_GENERATE_SWIFT_ASSET_SYMBOL_EXTENSIONS = YES;
				CLANG_ANALYZER_NONNULL = YES;
				CLANG_ANALYZER_NUMBER_OBJECT_CONVERSION = YES_AGGRESSIVE;
				CLANG_CXX_LANGUAGE_STANDARD = "gnu++20";
				CLANG_ENABLE_MODULES = YES;
				CLANG_ENABLE_OBJC_ARC = YES;
				CLANG_ENABLE_OBJC_WEAK = YES;
				CLANG_WARN_BLOCK_CAPTURE_AUTORELEASING = YES;
				CLANG_WARN_BOOL_CONVERSION = YES;
				CLANG_WARN_COMMA = YES;
				CLANG_WARN_CONSTANT_CONVERSION = YES;
				CLANG_WARN_DEPRECATED_OBJC_IMPLEMENTATIONS = YES;
				CLANG_WARN_DIRECT_OBJC_ISA_USAGE = YES_ERROR;
				CLANG_WARN_DOCUMENTATION_COMMENTS = YES;
				CLANG_WARN_EMPTY_BODY = YES;
				CLANG_WARN_ENUM_CONVERSION = YES;
				CLANG_WARN_INFINITE_RECURSION = YES;
				CLANG_WARN_INT_CONVERSION = YES;
				CLANG_WARN_NON_LITERAL_NULL_CONVERSION = YES;
				CLANG_WARN_OBJC_IMPLICIT_RETAIN_SELF = YES;
				CLANG_WARN_OBJC_LITERAL_CONVERSION = YES;
				CLANG_WARN_OBJC_ROOT_CLASS = YES_ERROR;
				CLANG_WARN_QUOTED_INCLUDE_IN_FRAMEWORK_HEADER = YES;
				CLANG_WARN_RANGE_LOOP_ANALYSIS = YES;
				CLANG_WARN_STRICT_PROTOTYPES = YES;
				CLANG_WARN_SUSPICIOUS_MOVE = YES;
				CLANG_WARN_UNGUARDED_AVAILABILITY = YES_AGGRESSIVE;
				CLANG_WARN_UNREACHABLE_CODE = YES;
				CLANG_WARN__DUPLICATE_METHOD_MATCH = YES;
				COPY_PHASE_STRIP = NO;
				DEBUG_INFORMATION_FORMAT = dwarf;
				ENABLE_STRICT_OBJC_MSGSEND = YES;
				ENABLE_TESTABILITY = YES;
				ENABLE_USER_SCRIPT_SANDBOXING = YES;
				GCC_C_LANGUAGE_STANDARD = gnu17;
				GCC_DYNAMIC_NO_PIC = NO;
				GCC_NO_COMMON_BLOCKS = YES;
				GCC_OPTIMIZATION_LEVEL = 0;
				GCC_PREPROCESSOR_DEFINITIONS = (
					"DEBUG=1",
					"$(inherited)",
				);
				GCC_WARN_64_TO_32_BIT_CONVERSION = YES;
				GCC_WARN_ABOUT_RETURN_TYPE = YES_ERROR;
				GCC_WARN_UNDECLARED_SELECTOR = YES;
				GCC_WARN_UNINITIALIZED_AUTOS = YES_AGGRESSIVE;
				GCC_WARN_UNUSED_FUNCTION = YES;
				GCC_WARN_UNUSED_VARIABLE = YES;
				IPHONEOS_DEPLOYMENT_TARGET = 17.2;
				LOCALIZATION_PREFERS_STRING_CATALOGS = YES;
				MTL_ENABLE_DEBUG_INFO = INCLUDE_SOURCE;
				MTL_FAST_MATH = YES;
				ONLY_ACTIVE_ARCH = YES;
				SDKROOT = iphoneos;
				SWIFT_ACTIVE_COMPILATION_CONDITIONS = "DEBUG $(inherited)";
				SWIFT_OPTIMIZATION_LEVEL = "-Onone";
			};
			name = Debug;
		};
		A5DB2E062B94F99B00DD080D /* Release */ = {
			isa = XCBuildConfiguration;
			buildSettings = {
				ALWAYS_SEARCH_USER_PATHS = NO;
				ASSETCATALOG_COMPILER_GENERATE_SWIFT_ASSET_SYMBOL_EXTENSIONS = YES;
				CLANG_ANALYZER_NONNULL = YES;
				CLANG_ANALYZER_NUMBER_OBJECT_CONVERSION = YES_AGGRESSIVE;
				CLANG_CXX_LANGUAGE_STANDARD = "gnu++20";
				CLANG_ENABLE_MODULES = YES;
				CLANG_ENABLE_OBJC_ARC = YES;
				CLANG_ENABLE_OBJC_WEAK = YES;
				CLANG_WARN_BLOCK_CAPTURE_AUTORELEASING = YES;
				CLANG_WARN_BOOL_CONVERSION = YES;
				CLANG_WARN_COMMA = YES;
				CLANG_WARN_CONSTANT_CONVERSION = YES;
				CLANG_WARN_DEPRECATED_OBJC_IMPLEMENTATIONS = YES;
				CLANG_WARN_DIRECT_OBJC_ISA_USAGE = YES_ERROR;
				CLANG_WARN_DOCUMENTATION_COMMENTS = YES;
				CLANG_WARN_EMPTY_BODY = YES;
				CLANG_WARN_ENUM_CONVERSION = YES;
				CLANG_WARN_INFINITE_RECURSION = YES;
				CLANG_WARN_INT_CONVERSION = YES;
				CLANG_WARN_NON_LITERAL_NULL_CONVERSION = YES;
				CLANG_WARN_OBJC_IMPLICIT_RETAIN_SELF = YES;
				CLANG_WARN_OBJC_LITERAL_CONVERSION = YES;
				CLANG_WARN_OBJC_ROOT_CLASS = YES_ERROR;
				CLANG_WARN_QUOTED_INCLUDE_IN_FRAMEWORK_HEADER = YES;
				CLANG_WARN_RANGE_LOOP_ANALYSIS = YES;
				CLANG_WARN_STRICT_PROTOTYPES = YES;
				CLANG_WARN_SUSPICIOUS_MOVE = YES;
				CLANG_WARN_UNGUARDED_AVAILABILITY = YES_AGGRESSIVE;
				CLANG_WARN_UNREACHABLE_CODE = YES;
				CLANG_WARN__DUPLICATE_METHOD_MATCH = YES;
				COPY_PHASE_STRIP = NO;
				DEBUG_INFORMATION_FORMAT = "dwarf-with-dsym";
				ENABLE_NS_ASSERTIONS = NO;
				ENABLE_STRICT_OBJC_MSGSEND = YES;
				ENABLE_USER_SCRIPT_SANDBOXING = YES;
				GCC_C_LANGUAGE_STANDARD = gnu17;
				GCC_NO_COMMON_BLOCKS = YES;
				GCC_WARN_64_TO_32_BIT_CONVERSION = YES;
				GCC_WARN_ABOUT_RETURN_TYPE = YES_ERROR;
				GCC_WARN_UNDECLARED_SELECTOR = YES;
				GCC_WARN_UNINITIALIZED_AUTOS = YES_AGGRESSIVE;
				GCC_WARN_UNUSED_FUNCTION = YES;
				GCC_WARN_UNUSED_VARIABLE = YES;
				IPHONEOS_DEPLOYMENT_TARGET = 17.2;
				LOCALIZATION_PREFERS_STRING_CATALOGS = YES;
				MTL_ENABLE_DEBUG_INFO = NO;
				MTL_FAST_MATH = YES;
				SDKROOT = iphoneos;
				SWIFT_COMPILATION_MODE = wholemodule;
				VALIDATE_PRODUCT = YES;
			};
			name = Release;
		};
		A5DB2E082B94F99B00DD080D /* Debug */ = {
			isa = XCBuildConfiguration;
			buildSettings = {
				ASSETCATALOG_COMPILER_APPICON_NAME = AppIcon;
				ASSETCATALOG_COMPILER_GLOBAL_ACCENT_COLOR_NAME = AccentColor;
				CODE_SIGN_STYLE = Automatic;
				CURRENT_PROJECT_VERSION = 1;
				GENERATE_INFOPLIST_FILE = YES;
				INFOPLIST_FILE = GameForNoobs/Info.plist;
				INFOPLIST_KEY_UIApplicationSupportsIndirectInputEvents = YES;
				INFOPLIST_KEY_UILaunchStoryboardName = LaunchScreen;
				INFOPLIST_KEY_UIMainStoryboardFile = Main;
				INFOPLIST_KEY_UISupportedInterfaceOrientations_iPad = "UIInterfaceOrientationPortrait UIInterfaceOrientationPortraitUpsideDown UIInterfaceOrientationLandscapeLeft UIInterfaceOrientationLandscapeRight";
				INFOPLIST_KEY_UISupportedInterfaceOrientations_iPhone = "UIInterfaceOrientationPortrait UIInterfaceOrientationLandscapeLeft UIInterfaceOrientationLandscapeRight";
				LD_RUNPATH_SEARCH_PATHS = (
					"$(inherited)",
					"@executable_path/Frameworks",
				);
				MARKETING_VERSION = 1.0;
				PRODUCT_BUNDLE_IDENTIFIER = puzir.GameForNoobs;
				PRODUCT_NAME = "$(TARGET_NAME)";
				SWIFT_EMIT_LOC_STRINGS = YES;
				SWIFT_VERSION = 5.0;
				TARGETED_DEVICE_FAMILY = "1,2";
			};
			name = Debug;
		};
		A5DB2E092B94F99B00DD080D /* Release */ = {
			isa = XCBuildConfiguration;
			buildSettings = {
				ASSETCATALOG_COMPILER_APPICON_NAME = AppIcon;
				ASSETCATALOG_COMPILER_GLOBAL_ACCENT_COLOR_NAME = AccentColor;
				CODE_SIGN_STYLE = Automatic;
				CURRENT_PROJECT_VERSION = 1;
				GENERATE_INFOPLIST_FILE = YES;
				INFOPLIST_FILE = GameForNoobs/Info.plist;
				INFOPLIST_KEY_UIApplicationSupportsIndirectInputEvents = YES;
				INFOPLIST_KEY_UILaunchStoryboardName = LaunchScreen;
				INFOPLIST_KEY_UIMainStoryboardFile = Main;
				INFOPLIST_KEY_UISupportedInterfaceOrientations_iPad = "UIInterfaceOrientationPortrait UIInterfaceOrientationPortraitUpsideDown UIInterfaceOrientationLandscapeLeft UIInterfaceOrientationLandscapeRight";
				INFOPLIST_KEY_UISupportedInterfaceOrientations_iPhone = "UIInterfaceOrientationPortrait UIInterfaceOrientationLandscapeLeft UIInterfaceOrientationLandscapeRight";
				LD_RUNPATH_SEARCH_PATHS = (
					"$(inherited)",
					"@executable_path/Frameworks",
				);
				MARKETING_VERSION = 1.0;
				PRODUCT_BUNDLE_IDENTIFIER = puzir.GameForNoobs;
				PRODUCT_NAME = "$(TARGET_NAME)";
				SWIFT_EMIT_LOC_STRINGS = YES;
				SWIFT_VERSION = 5.0;
				TARGETED_DEVICE_FAMILY = "1,2";
			};
			name = Release;
		};
/* End XCBuildConfiguration section */

/* Begin XCConfigurationList section */
		A5DB2DEE2B94F99900DD080D /* Build configuration list for PBXProject "GameForNoobs" */ = {
			isa = XCConfigurationList;
			buildConfigurations = (
				A5DB2E052B94F99B00DD080D /* Debug */,
				A5DB2E062B94F99B00DD080D /* Release */,
			);
			defaultConfigurationIsVisible = 0;
			defaultConfigurationName = Release;
		};
		A5DB2E072B94F99B00DD080D /* Build configuration list for PBXNativeTarget "GameForNoobs" */ = {
			isa = XCConfigurationList;
			buildConfigurations = (
				A5DB2E082B94F99B00DD080D /* Debug */,
				A5DB2E092B94F99B00DD080D /* Release */,
			);
			defaultConfigurationIsVisible = 0;
			defaultConfigurationName = Release;
		};
/* End XCConfigurationList section */
	};
	rootObject = A5DB2DEB2B94F99900DD080D /* Project object */;
}
